
Microsoft Visual Studio Solution File, Format Version 12.00
# Visual Studio Version 16
VisualStudioVersion = 16.0.30804.86
MinimumVisualStudioVersion = 10.0.40219.1
Project("{8BC9CEB8-8B4A-11D0-8D11-00A0C91BC942}") = "2557", "2557\2557.vcxproj", "{B39C74A6-7880-4902-B021-699C625D9EBD}"
EndProject
Project("{8BC9CEB8-8B4A-11D0-8D11-00A0C91BC942}") = "1000", "1000\1000.vcxproj", "{ECEA376F-BE20-48C2-ADE4-6DF21A26E50F}"
EndProject
Project("{8BC9CEB8-8B4A-11D0-8D11-00A0C91BC942}") = "1001", "1001\1001.vcxproj", "{F4EC6937-A80B-442C-BFC4-6491FA5CF68E}"
EndProject
Project("{8BC9CEB8-8B4A-11D0-8D11-00A0C91BC942}") = "10998", "10998\10998.vcxproj", "{D57A1D74-903E-4005-9A91-7133431D0205}"
EndProject
Project("{8BC9CEB8-8B4A-11D0-8D11-00A0C91BC942}") = "1008", "1008\1008.vcxproj", "{213675F8-A01F-4D49-855E-843938F2F0C6}"
EndProject
Project("{8BC9CEB8-8B4A-11D0-8D11-00A0C91BC942}") = "10869", "10869\10869.vcxproj", "{35E0D55F-CAAB-4154-8B27-B9D75F16917A}"
EndProject
Project("{8BC9CEB8-8B4A-11D0-8D11-00A0C91BC942}") = "10926", "10926\10926.vcxproj", "{52AADFE5-161C-4E27-B32A-10D6EBDB6A7C}"
EndProject
Project("{8BC9CEB8-8B4A-11D0-8D11-00A0C91BC942}") = "18108", "18108\18108.vcxproj", "{B9C9D6F9-6E02-47DD-B1E2-B8B795617FD3}"
EndProject
Project("{8BC9CEB8-8B4A-11D0-8D11-00A0C91BC942}") = "10430", "10430\10430.vcxproj", "{5958CA8F-1938-4671-8320-6FFF2ED0AB6C}"
EndProject
Project("{8BC9CEB8-8B4A-11D0-8D11-00A0C91BC942}") = "2588", "2588\2588.vcxproj", "{81CF0AC7-1D5D-4C68-AA46-D610182C0067}"
EndProject
Project("{8BC9CEB8-8B4A-11D0-8D11-00A0C91BC942}") = "11382", "11382\11382.vcxproj", "{7DE20790-CB4D-4664-871D-2E033A0BBE0B}"
EndProject
Project("{8BC9CEB8-8B4A-11D0-8D11-00A0C91BC942}") = "10171", "10171\10171.vcxproj", "{227E790A-0CAE-49ED-9C93-C9CC53F839D3}"
EndProject
Project("{8BC9CEB8-8B4A-11D0-8D11-00A0C91BC942}") = "10172", "10172\10172.vcxproj", "{0D021606-C36D-4ED4-88DD-727D3676177F}"
EndProject
Project("{8BC9CEB8-8B4A-11D0-8D11-00A0C91BC942}") = "2753", "2753\2753.vcxproj", "{FA935E04-BEF9-446B-81B7-E6BCB170D0A3}"
EndProject
Project("{8BC9CEB8-8B4A-11D0-8D11-00A0C91BC942}") = "14681", "14681\14681.vcxproj", "{A10EC66B-1C18-4239-8B2D-B94B555CABB6}"
EndProject
Project("{8BC9CEB8-8B4A-11D0-8D11-00A0C91BC942}") = "2884", "2884\2884.vcxproj", "{CD3A7C7F-1C31-4D0E-9584-76207809528E}"
EndProject
Project("{8BC9CEB8-8B4A-11D0-8D11-00A0C91BC942}") = "2525", "2525\2525.vcxproj", "{6EAAC188-1225-43B5-A041-32A6D743F25F}"
EndProject
Project("{8BC9CEB8-8B4A-11D0-8D11-00A0C91BC942}") = "2480", "2480\2480.vcxproj", "{5B12D06B-70E4-4438-B693-F09C29BDD229}"
EndProject
Project("{8BC9CEB8-8B4A-11D0-8D11-00A0C91BC942}") = "2739", "2739\2739.vcxproj", "{B0281480-BDE0-4828-A8BE-5C06C1D01559}"
EndProject
Project("{8BC9CEB8-8B4A-11D0-8D11-00A0C91BC942}") = "10950", "10950\10950.vcxproj", "{57B9AB4C-71F4-4DC7-B3DA-624E07E3182A}"
EndProject
Project("{8BC9CEB8-8B4A-11D0-8D11-00A0C91BC942}") = "11021", "11021\11021.vcxproj", "{CCA66303-A09F-441A-BC51-5359A76D0A7F}"
EndProject
Project("{8BC9CEB8-8B4A-11D0-8D11-00A0C91BC942}") = "15552", "15552\15552.vcxproj", "{09599F54-858F-421C-A86D-04877D7A906D}"
EndProject
Project("{8BC9CEB8-8B4A-11D0-8D11-00A0C91BC942}") = "11022", "11022\11022.vcxproj", "{590ECE50-E260-48CD-BE0E-E412EE3C20C3}"
EndProject
Project("{8BC9CEB8-8B4A-11D0-8D11-00A0C91BC942}") = "2438", "2438\2438.vcxproj", "{F995B062-EDA7-4BF7-82FE-2653E0825560}"
EndProject
Project("{8BC9CEB8-8B4A-11D0-8D11-00A0C91BC942}") = "2439", "2439\2439.vcxproj", "{BE73809E-BA30-4EF0-9C3C-9E0881EE9670}"
EndProject
Project("{8BC9CEB8-8B4A-11D0-8D11-00A0C91BC942}") = "1152", "1152\1152.vcxproj", "{F83C69BE-D4EB-4591-B648-CBA3FE17434B}"
EndProject
Project("{8BC9CEB8-8B4A-11D0-8D11-00A0C91BC942}") = "10952", "10952\10952.vcxproj", "{E06FA3F6-6FF9-48D2-89C9-AC654C8933A0}"
EndProject
Global
	GlobalSection(SolutionConfigurationPlatforms) = preSolution
		Debug|x64 = Debug|x64
		Debug|x86 = Debug|x86
		Release|x64 = Release|x64
		Release|x86 = Release|x86
	EndGlobalSection
	GlobalSection(ProjectConfigurationPlatforms) = postSolution
		{B39C74A6-7880-4902-B021-699C625D9EBD}.Debug|x64.ActiveCfg = Debug|x64
		{B39C74A6-7880-4902-B021-699C625D9EBD}.Debug|x64.Build.0 = Debug|x64
		{B39C74A6-7880-4902-B021-699C625D9EBD}.Debug|x86.ActiveCfg = Debug|Win32
		{B39C74A6-7880-4902-B021-699C625D9EBD}.Debug|x86.Build.0 = Debug|Win32
		{B39C74A6-7880-4902-B021-699C625D9EBD}.Release|x64.ActiveCfg = Release|x64
		{B39C74A6-7880-4902-B021-699C625D9EBD}.Release|x64.Build.0 = Release|x64
		{B39C74A6-7880-4902-B021-699C625D9EBD}.Release|x86.ActiveCfg = Release|Win32
		{B39C74A6-7880-4902-B021-699C625D9EBD}.Release|x86.Build.0 = Release|Win32
		{ECEA376F-BE20-48C2-ADE4-6DF21A26E50F}.Debug|x64.ActiveCfg = Debug|x64
		{ECEA376F-BE20-48C2-ADE4-6DF21A26E50F}.Debug|x64.Build.0 = Debug|x64
		{ECEA376F-BE20-48C2-ADE4-6DF21A26E50F}.Debug|x86.ActiveCfg = Debug|Win32
		{ECEA376F-BE20-48C2-ADE4-6DF21A26E50F}.Debug|x86.Build.0 = Debug|Win32
		{ECEA376F-BE20-48C2-ADE4-6DF21A26E50F}.Release|x64.ActiveCfg = Release|x64
		{ECEA376F-BE20-48C2-ADE4-6DF21A26E50F}.Release|x64.Build.0 = Release|x64
		{ECEA376F-BE20-48C2-ADE4-6DF21A26E50F}.Release|x86.ActiveCfg = Release|Win32
		{ECEA376F-BE20-48C2-ADE4-6DF21A26E50F}.Release|x86.Build.0 = Release|Win32
		{F4EC6937-A80B-442C-BFC4-6491FA5CF68E}.Debug|x64.ActiveCfg = Debug|x64
		{F4EC6937-A80B-442C-BFC4-6491FA5CF68E}.Debug|x64.Build.0 = Debug|x64
		{F4EC6937-A80B-442C-BFC4-6491FA5CF68E}.Debug|x86.ActiveCfg = Debug|Win32
		{F4EC6937-A80B-442C-BFC4-6491FA5CF68E}.Debug|x86.Build.0 = Debug|Win32
		{F4EC6937-A80B-442C-BFC4-6491FA5CF68E}.Release|x64.ActiveCfg = Release|x64
		{F4EC6937-A80B-442C-BFC4-6491FA5CF68E}.Release|x64.Build.0 = Release|x64
		{F4EC6937-A80B-442C-BFC4-6491FA5CF68E}.Release|x86.ActiveCfg = Release|Win32
		{F4EC6937-A80B-442C-BFC4-6491FA5CF68E}.Release|x86.Build.0 = Release|Win32
		{D57A1D74-903E-4005-9A91-7133431D0205}.Debug|x64.ActiveCfg = Debug|x64
		{D57A1D74-903E-4005-9A91-7133431D0205}.Debug|x64.Build.0 = Debug|x64
		{D57A1D74-903E-4005-9A91-7133431D0205}.Debug|x86.ActiveCfg = Debug|Win32
		{D57A1D74-903E-4005-9A91-7133431D0205}.Debug|x86.Build.0 = Debug|Win32
		{D57A1D74-903E-4005-9A91-7133431D0205}.Release|x64.ActiveCfg = Release|x64
		{D57A1D74-903E-4005-9A91-7133431D0205}.Release|x64.Build.0 = Release|x64
		{D57A1D74-903E-4005-9A91-7133431D0205}.Release|x86.ActiveCfg = Release|Win32
		{D57A1D74-903E-4005-9A91-7133431D0205}.Release|x86.Build.0 = Release|Win32
		{213675F8-A01F-4D49-855E-843938F2F0C6}.Debug|x64.ActiveCfg = Debug|x64
		{213675F8-A01F-4D49-855E-843938F2F0C6}.Debug|x64.Build.0 = Debug|x64
		{213675F8-A01F-4D49-855E-843938F2F0C6}.Debug|x86.ActiveCfg = Debug|Win32
		{213675F8-A01F-4D49-855E-843938F2F0C6}.Debug|x86.Build.0 = Debug|Win32
		{213675F8-A01F-4D49-855E-843938F2F0C6}.Release|x64.ActiveCfg = Release|x64
		{213675F8-A01F-4D49-855E-843938F2F0C6}.Release|x64.Build.0 = Release|x64
		{213675F8-A01F-4D49-855E-843938F2F0C6}.Release|x86.ActiveCfg = Release|Win32
		{213675F8-A01F-4D49-855E-843938F2F0C6}.Release|x86.Build.0 = Release|Win32
		{35E0D55F-CAAB-4154-8B27-B9D75F16917A}.Debug|x64.ActiveCfg = Debug|x64
		{35E0D55F-CAAB-4154-8B27-B9D75F16917A}.Debug|x64.Build.0 = Debug|x64
		{35E0D55F-CAAB-4154-8B27-B9D75F16917A}.Debug|x86.ActiveCfg = Debug|Win32
		{35E0D55F-CAAB-4154-8B27-B9D75F16917A}.Debug|x86.Build.0 = Debug|Win32
		{35E0D55F-CAAB-4154-8B27-B9D75F16917A}.Release|x64.ActiveCfg = Release|x64
		{35E0D55F-CAAB-4154-8B27-B9D75F16917A}.Release|x64.Build.0 = Release|x64
		{35E0D55F-CAAB-4154-8B27-B9D75F16917A}.Release|x86.ActiveCfg = Release|Win32
		{35E0D55F-CAAB-4154-8B27-B9D75F16917A}.Release|x86.Build.0 = Release|Win32
		{52AADFE5-161C-4E27-B32A-10D6EBDB6A7C}.Debug|x64.ActiveCfg = Debug|x64
		{52AADFE5-161C-4E27-B32A-10D6EBDB6A7C}.Debug|x64.Build.0 = Debug|x64
		{52AADFE5-161C-4E27-B32A-10D6EBDB6A7C}.Debug|x86.ActiveCfg = Debug|Win32
		{52AADFE5-161C-4E27-B32A-10D6EBDB6A7C}.Debug|x86.Build.0 = Debug|Win32
		{52AADFE5-161C-4E27-B32A-10D6EBDB6A7C}.Release|x64.ActiveCfg = Release|x64
		{52AADFE5-161C-4E27-B32A-10D6EBDB6A7C}.Release|x64.Build.0 = Release|x64
		{52AADFE5-161C-4E27-B32A-10D6EBDB6A7C}.Release|x86.ActiveCfg = Release|Win32
		{52AADFE5-161C-4E27-B32A-10D6EBDB6A7C}.Release|x86.Build.0 = Release|Win32
		{B9C9D6F9-6E02-47DD-B1E2-B8B795617FD3}.Debug|x64.ActiveCfg = Debug|x64
		{B9C9D6F9-6E02-47DD-B1E2-B8B795617FD3}.Debug|x64.Build.0 = Debug|x64
		{B9C9D6F9-6E02-47DD-B1E2-B8B795617FD3}.Debug|x86.ActiveCfg = Debug|Win32
		{B9C9D6F9-6E02-47DD-B1E2-B8B795617FD3}.Debug|x86.Build.0 = Debug|Win32
		{B9C9D6F9-6E02-47DD-B1E2-B8B795617FD3}.Release|x64.ActiveCfg = Release|x64
		{B9C9D6F9-6E02-47DD-B1E2-B8B795617FD3}.Release|x64.Build.0 = Release|x64
		{B9C9D6F9-6E02-47DD-B1E2-B8B795617FD3}.Release|x86.ActiveCfg = Release|Win32
		{B9C9D6F9-6E02-47DD-B1E2-B8B795617FD3}.Release|x86.Build.0 = Release|Win32
		{5958CA8F-1938-4671-8320-6FFF2ED0AB6C}.Debug|x64.ActiveCfg = Debug|x64
		{5958CA8F-1938-4671-8320-6FFF2ED0AB6C}.Debug|x64.Build.0 = Debug|x64
		{5958CA8F-1938-4671-8320-6FFF2ED0AB6C}.Debug|x86.ActiveCfg = Debug|Win32
		{5958CA8F-1938-4671-8320-6FFF2ED0AB6C}.Debug|x86.Build.0 = Debug|Win32
		{5958CA8F-1938-4671-8320-6FFF2ED0AB6C}.Release|x64.ActiveCfg = Release|x64
		{5958CA8F-1938-4671-8320-6FFF2ED0AB6C}.Release|x64.Build.0 = Release|x64
		{5958CA8F-1938-4671-8320-6FFF2ED0AB6C}.Release|x86.ActiveCfg = Release|Win32
		{5958CA8F-1938-4671-8320-6FFF2ED0AB6C}.Release|x86.Build.0 = Release|Win32
		{81CF0AC7-1D5D-4C68-AA46-D610182C0067}.Debug|x64.ActiveCfg = Debug|x64
		{81CF0AC7-1D5D-4C68-AA46-D610182C0067}.Debug|x64.Build.0 = Debug|x64
		{81CF0AC7-1D5D-4C68-AA46-D610182C0067}.Debug|x86.ActiveCfg = Debug|Win32
		{81CF0AC7-1D5D-4C68-AA46-D610182C0067}.Debug|x86.Build.0 = Debug|Win32
		{81CF0AC7-1D5D-4C68-AA46-D610182C0067}.Release|x64.ActiveCfg = Release|x64
		{81CF0AC7-1D5D-4C68-AA46-D610182C0067}.Release|x64.Build.0 = Release|x64
		{81CF0AC7-1D5D-4C68-AA46-D610182C0067}.Release|x86.ActiveCfg = Release|Win32
		{81CF0AC7-1D5D-4C68-AA46-D610182C0067}.Release|x86.Build.0 = Release|Win32
		{7DE20790-CB4D-4664-871D-2E033A0BBE0B}.Debug|x64.ActiveCfg = Debug|x64
		{7DE20790-CB4D-4664-871D-2E033A0BBE0B}.Debug|x64.Build.0 = Debug|x64
		{7DE20790-CB4D-4664-871D-2E033A0BBE0B}.Debug|x86.ActiveCfg = Debug|Win32
		{7DE20790-CB4D-4664-871D-2E033A0BBE0B}.Debug|x86.Build.0 = Debug|Win32
		{7DE20790-CB4D-4664-871D-2E033A0BBE0B}.Release|x64.ActiveCfg = Release|x64
		{7DE20790-CB4D-4664-871D-2E033A0BBE0B}.Release|x64.Build.0 = Release|x64
		{7DE20790-CB4D-4664-871D-2E033A0BBE0B}.Release|x86.ActiveCfg = Release|Win32
		{7DE20790-CB4D-4664-871D-2E033A0BBE0B}.Release|x86.Build.0 = Release|Win32
		{227E790A-0CAE-49ED-9C93-C9CC53F839D3}.Debug|x64.ActiveCfg = Debug|x64
		{227E790A-0CAE-49ED-9C93-C9CC53F839D3}.Debug|x64.Build.0 = Debug|x64
		{227E790A-0CAE-49ED-9C93-C9CC53F839D3}.Debug|x86.ActiveCfg = Debug|Win32
		{227E790A-0CAE-49ED-9C93-C9CC53F839D3}.Debug|x86.Build.0 = Debug|Win32
		{227E790A-0CAE-49ED-9C93-C9CC53F839D3}.Release|x64.ActiveCfg = Release|x64
		{227E790A-0CAE-49ED-9C93-C9CC53F839D3}.Release|x64.Build.0 = Release|x64
		{227E790A-0CAE-49ED-9C93-C9CC53F839D3}.Release|x86.ActiveCfg = Release|Win32
		{227E790A-0CAE-49ED-9C93-C9CC53F839D3}.Release|x86.Build.0 = Release|Win32
		{0D021606-C36D-4ED4-88DD-727D3676177F}.Debug|x64.ActiveCfg = Debug|x64
		{0D021606-C36D-4ED4-88DD-727D3676177F}.Debug|x64.Build.0 = Debug|x64
		{0D021606-C36D-4ED4-88DD-727D3676177F}.Debug|x86.ActiveCfg = Debug|Win32
		{0D021606-C36D-4ED4-88DD-727D3676177F}.Debug|x86.Build.0 = Debug|Win32
		{0D021606-C36D-4ED4-88DD-727D3676177F}.Release|x64.ActiveCfg = Release|x64
		{0D021606-C36D-4ED4-88DD-727D3676177F}.Release|x64.Build.0 = Release|x64
		{0D021606-C36D-4ED4-88DD-727D3676177F}.Release|x86.ActiveCfg = Release|Win32
		{0D021606-C36D-4ED4-88DD-727D3676177F}.Release|x86.Build.0 = Release|Win32
		{FA935E04-BEF9-446B-81B7-E6BCB170D0A3}.Debug|x64.ActiveCfg = Debug|x64
		{FA935E04-BEF9-446B-81B7-E6BCB170D0A3}.Debug|x64.Build.0 = Debug|x64
		{FA935E04-BEF9-446B-81B7-E6BCB170D0A3}.Debug|x86.ActiveCfg = Debug|Win32
		{FA935E04-BEF9-446B-81B7-E6BCB170D0A3}.Debug|x86.Build.0 = Debug|Win32
		{FA935E04-BEF9-446B-81B7-E6BCB170D0A3}.Release|x64.ActiveCfg = Release|x64
		{FA935E04-BEF9-446B-81B7-E6BCB170D0A3}.Release|x64.Build.0 = Release|x64
		{FA935E04-BEF9-446B-81B7-E6BCB170D0A3}.Release|x86.ActiveCfg = Release|Win32
		{FA935E04-BEF9-446B-81B7-E6BCB170D0A3}.Release|x86.Build.0 = Release|Win32
		{A10EC66B-1C18-4239-8B2D-B94B555CABB6}.Debug|x64.ActiveCfg = Debug|x64
		{A10EC66B-1C18-4239-8B2D-B94B555CABB6}.Debug|x64.Build.0 = Debug|x64
		{A10EC66B-1C18-4239-8B2D-B94B555CABB6}.Debug|x86.ActiveCfg = Debug|Win32
		{A10EC66B-1C18-4239-8B2D-B94B555CABB6}.Debug|x86.Build.0 = Debug|Win32
		{A10EC66B-1C18-4239-8B2D-B94B555CABB6}.Release|x64.ActiveCfg = Release|x64
		{A10EC66B-1C18-4239-8B2D-B94B555CABB6}.Release|x64.Build.0 = Release|x64
		{A10EC66B-1C18-4239-8B2D-B94B555CABB6}.Release|x86.ActiveCfg = Release|Win32
		{A10EC66B-1C18-4239-8B2D-B94B555CABB6}.Release|x86.Build.0 = Release|Win32
		{CD3A7C7F-1C31-4D0E-9584-76207809528E}.Debug|x64.ActiveCfg = Debug|x64
		{CD3A7C7F-1C31-4D0E-9584-76207809528E}.Debug|x64.Build.0 = Debug|x64
		{CD3A7C7F-1C31-4D0E-9584-76207809528E}.Debug|x86.ActiveCfg = Debug|Win32
		{CD3A7C7F-1C31-4D0E-9584-76207809528E}.Debug|x86.Build.0 = Debug|Win32
		{CD3A7C7F-1C31-4D0E-9584-76207809528E}.Release|x64.ActiveCfg = Release|x64
		{CD3A7C7F-1C31-4D0E-9584-76207809528E}.Release|x64.Build.0 = Release|x64
		{CD3A7C7F-1C31-4D0E-9584-76207809528E}.Release|x86.ActiveCfg = Release|Win32
		{CD3A7C7F-1C31-4D0E-9584-76207809528E}.Release|x86.Build.0 = Release|Win32
		{6EAAC188-1225-43B5-A041-32A6D743F25F}.Debug|x64.ActiveCfg = Debug|x64
		{6EAAC188-1225-43B5-A041-32A6D743F25F}.Debug|x64.Build.0 = Debug|x64
		{6EAAC188-1225-43B5-A041-32A6D743F25F}.Debug|x86.ActiveCfg = Debug|Win32
		{6EAAC188-1225-43B5-A041-32A6D743F25F}.Debug|x86.Build.0 = Debug|Win32
		{6EAAC188-1225-43B5-A041-32A6D743F25F}.Release|x64.ActiveCfg = Release|x64
		{6EAAC188-1225-43B5-A041-32A6D743F25F}.Release|x64.Build.0 = Release|x64
		{6EAAC188-1225-43B5-A041-32A6D743F25F}.Release|x86.ActiveCfg = Release|Win32
		{6EAAC188-1225-43B5-A041-32A6D743F25F}.Release|x86.Build.0 = Release|Win32
		{5B12D06B-70E4-4438-B693-F09C29BDD229}.Debug|x64.ActiveCfg = Debug|x64
		{5B12D06B-70E4-4438-B693-F09C29BDD229}.Debug|x64.Build.0 = Debug|x64
		{5B12D06B-70E4-4438-B693-F09C29BDD229}.Debug|x86.ActiveCfg = Debug|Win32
		{5B12D06B-70E4-4438-B693-F09C29BDD229}.Debug|x86.Build.0 = Debug|Win32
		{5B12D06B-70E4-4438-B693-F09C29BDD229}.Release|x64.ActiveCfg = Release|x64
		{5B12D06B-70E4-4438-B693-F09C29BDD229}.Release|x64.Build.0 = Release|x64
		{5B12D06B-70E4-4438-B693-F09C29BDD229}.Release|x86.ActiveCfg = Release|Win32
		{5B12D06B-70E4-4438-B693-F09C29BDD229}.Release|x86.Build.0 = Release|Win32
		{B0281480-BDE0-4828-A8BE-5C06C1D01559}.Debug|x64.ActiveCfg = Debug|x64
		{B0281480-BDE0-4828-A8BE-5C06C1D01559}.Debug|x64.Build.0 = Debug|x64
		{B0281480-BDE0-4828-A8BE-5C06C1D01559}.Debug|x86.ActiveCfg = Debug|Win32
		{B0281480-BDE0-4828-A8BE-5C06C1D01559}.Debug|x86.Build.0 = Debug|Win32
		{B0281480-BDE0-4828-A8BE-5C06C1D01559}.Release|x64.ActiveCfg = Release|x64
		{B0281480-BDE0-4828-A8BE-5C06C1D01559}.Release|x64.Build.0 = Release|x64
		{B0281480-BDE0-4828-A8BE-5C06C1D01559}.Release|x86.ActiveCfg = Release|Win32
		{B0281480-BDE0-4828-A8BE-5C06C1D01559}.Release|x86.Build.0 = Release|Win32
		{57B9AB4C-71F4-4DC7-B3DA-624E07E3182A}.Debug|x64.ActiveCfg = Debug|x64
		{57B9AB4C-71F4-4DC7-B3DA-624E07E3182A}.Debug|x64.Build.0 = Debug|x64
		{57B9AB4C-71F4-4DC7-B3DA-624E07E3182A}.Debug|x86.ActiveCfg = Debug|Win32
		{57B9AB4C-71F4-4DC7-B3DA-624E07E3182A}.Debug|x86.Build.0 = Debug|Win32
		{57B9AB4C-71F4-4DC7-B3DA-624E07E3182A}.Release|x64.ActiveCfg = Release|x64
		{57B9AB4C-71F4-4DC7-B3DA-624E07E3182A}.Release|x64.Build.0 = Release|x64
		{57B9AB4C-71F4-4DC7-B3DA-624E07E3182A}.Release|x86.ActiveCfg = Release|Win32
		{57B9AB4C-71F4-4DC7-B3DA-624E07E3182A}.Release|x86.Build.0 = Release|Win32
		{CCA66303-A09F-441A-BC51-5359A76D0A7F}.Debug|x64.ActiveCfg = Debug|x64
		{CCA66303-A09F-441A-BC51-5359A76D0A7F}.Debug|x64.Build.0 = Debug|x64
		{CCA66303-A09F-441A-BC51-5359A76D0A7F}.Debug|x86.ActiveCfg = Debug|Win32
		{CCA66303-A09F-441A-BC51-5359A76D0A7F}.Debug|x86.Build.0 = Debug|Win32
		{CCA66303-A09F-441A-BC51-5359A76D0A7F}.Release|x64.ActiveCfg = Release|x64
		{CCA66303-A09F-441A-BC51-5359A76D0A7F}.Release|x64.Build.0 = Release|x64
		{CCA66303-A09F-441A-BC51-5359A76D0A7F}.Release|x86.ActiveCfg = Release|Win32
		{CCA66303-A09F-441A-BC51-5359A76D0A7F}.Release|x86.Build.0 = Release|Win32
		{09599F54-858F-421C-A86D-04877D7A906D}.Debug|x64.ActiveCfg = Debug|x64
		{09599F54-858F-421C-A86D-04877D7A906D}.Debug|x64.Build.0 = Debug|x64
		{09599F54-858F-421C-A86D-04877D7A906D}.Debug|x86.ActiveCfg = Debug|Win32
		{09599F54-858F-421C-A86D-04877D7A906D}.Debug|x86.Build.0 = Debug|Win32
		{09599F54-858F-421C-A86D-04877D7A906D}.Release|x64.ActiveCfg = Release|x64
		{09599F54-858F-421C-A86D-04877D7A906D}.Release|x64.Build.0 = Release|x64
		{09599F54-858F-421C-A86D-04877D7A906D}.Release|x86.ActiveCfg = Release|Win32
		{09599F54-858F-421C-A86D-04877D7A906D}.Release|x86.Build.0 = Release|Win32
		{590ECE50-E260-48CD-BE0E-E412EE3C20C3}.Debug|x64.ActiveCfg = Debug|x64
		{590ECE50-E260-48CD-BE0E-E412EE3C20C3}.Debug|x64.Build.0 = Debug|x64
		{590ECE50-E260-48CD-BE0E-E412EE3C20C3}.Debug|x86.ActiveCfg = Debug|Win32
		{590ECE50-E260-48CD-BE0E-E412EE3C20C3}.Debug|x86.Build.0 = Debug|Win32
		{590ECE50-E260-48CD-BE0E-E412EE3C20C3}.Release|x64.ActiveCfg = Release|x64
		{590ECE50-E260-48CD-BE0E-E412EE3C20C3}.Release|x64.Build.0 = Release|x64
		{590ECE50-E260-48CD-BE0E-E412EE3C20C3}.Release|x86.ActiveCfg = Release|Win32
		{590ECE50-E260-48CD-BE0E-E412EE3C20C3}.Release|x86.Build.0 = Release|Win32
		{F995B062-EDA7-4BF7-82FE-2653E0825560}.Debug|x64.ActiveCfg = Debug|x64
		{F995B062-EDA7-4BF7-82FE-2653E0825560}.Debug|x64.Build.0 = Debug|x64
		{F995B062-EDA7-4BF7-82FE-2653E0825560}.Debug|x86.ActiveCfg = Debug|Win32
		{F995B062-EDA7-4BF7-82FE-2653E0825560}.Debug|x86.Build.0 = Debug|Win32
		{F995B062-EDA7-4BF7-82FE-2653E0825560}.Release|x64.ActiveCfg = Release|x64
		{F995B062-EDA7-4BF7-82FE-2653E0825560}.Release|x64.Build.0 = Release|x64
		{F995B062-EDA7-4BF7-82FE-2653E0825560}.Release|x86.ActiveCfg = Release|Win32
		{F995B062-EDA7-4BF7-82FE-2653E0825560}.Release|x86.Build.0 = Release|Win32
		{BE73809E-BA30-4EF0-9C3C-9E0881EE9670}.Debug|x64.ActiveCfg = Debug|x64
		{BE73809E-BA30-4EF0-9C3C-9E0881EE9670}.Debug|x64.Build.0 = Debug|x64
		{BE73809E-BA30-4EF0-9C3C-9E0881EE9670}.Debug|x86.ActiveCfg = Debug|Win32
		{BE73809E-BA30-4EF0-9C3C-9E0881EE9670}.Debug|x86.Build.0 = Debug|Win32
		{BE73809E-BA30-4EF0-9C3C-9E0881EE9670}.Release|x64.ActiveCfg = Release|x64
		{BE73809E-BA30-4EF0-9C3C-9E0881EE9670}.Release|x64.Build.0 = Release|x64
		{BE73809E-BA30-4EF0-9C3C-9E0881EE9670}.Release|x86.ActiveCfg = Release|Win32
		{BE73809E-BA30-4EF0-9C3C-9E0881EE9670}.Release|x86.Build.0 = Release|Win32
		{F83C69BE-D4EB-4591-B648-CBA3FE17434B}.Debug|x64.ActiveCfg = Debug|x64
		{F83C69BE-D4EB-4591-B648-CBA3FE17434B}.Debug|x64.Build.0 = Debug|x64
		{F83C69BE-D4EB-4591-B648-CBA3FE17434B}.Debug|x86.ActiveCfg = Debug|Win32
		{F83C69BE-D4EB-4591-B648-CBA3FE17434B}.Debug|x86.Build.0 = Debug|Win32
		{F83C69BE-D4EB-4591-B648-CBA3FE17434B}.Release|x64.ActiveCfg = Release|x64
		{F83C69BE-D4EB-4591-B648-CBA3FE17434B}.Release|x64.Build.0 = Release|x64
		{F83C69BE-D4EB-4591-B648-CBA3FE17434B}.Release|x86.ActiveCfg = Release|Win32
		{F83C69BE-D4EB-4591-B648-CBA3FE17434B}.Release|x86.Build.0 = Release|Win32
		{E06FA3F6-6FF9-48D2-89C9-AC654C8933A0}.Debug|x64.ActiveCfg = Debug|x64
		{E06FA3F6-6FF9-48D2-89C9-AC654C8933A0}.Debug|x64.Build.0 = Debug|x64
		{E06FA3F6-6FF9-48D2-89C9-AC654C8933A0}.Debug|x86.ActiveCfg = Debug|Win32
		{E06FA3F6-6FF9-48D2-89C9-AC654C8933A0}.Debug|x86.Build.0 = Debug|Win32
		{E06FA3F6-6FF9-48D2-89C9-AC654C8933A0}.Release|x64.ActiveCfg = Release|x64
		{E06FA3F6-6FF9-48D2-89C9-AC654C8933A0}.Release|x64.Build.0 = Release|x64
		{E06FA3F6-6FF9-48D2-89C9-AC654C8933A0}.Release|x86.ActiveCfg = Release|Win32
		{E06FA3F6-6FF9-48D2-89C9-AC654C8933A0}.Release|x86.Build.0 = Release|Win32
	EndGlobalSection
	GlobalSection(SolutionProperties) = preSolution
		HideSolutionNode = FALSE
	EndGlobalSection
	GlobalSection(ExtensibilityGlobals) = postSolution
		SolutionGuid = {921E9674-2151-43AA-AE00-8AD719D4EF66}
	EndGlobalSection
EndGlobal
